
Microsoft Visual Studio Solution File, Format Version 12.00
# Visual Studio Version 17
VisualStudioVersion = 17.7.34221.43
MinimumVisualStudioVersion = 10.0.40219.1
Project("{8BC9CEB8-8B4A-11D0-8D11-00A0C91BC942}") = "Exercise1", "Example1\Example1.vcxproj", "{B86B2F14-4BB5-4A92-B7FD-4405DD8EE1E7}"
EndProject
Project("{8BC9CEB8-8B4A-11D0-8D11-00A0C91BC942}") = "Exercise2", "Example2\Example2.vcxproj", "{503810EE-7A08-476A-91AF-2700F9CBF450}"
EndProject
Project("{8BC9CEB8-8B4A-11D0-8D11-00A0C91BC942}") = "Exercise3", "Exercise3\Exercise3.vcxproj", "{C372006A-7A50-4826-803F-C297D27D3EB1}"
EndProject
Project("{8BC9CEB8-8B4A-11D0-8D11-00A0C91BC942}") = "Exercise4-1", "Exercise4\Exercise4.vcxproj", "{9475624B-6DE2-4FE9-81CF-F096B378773C}"
EndProject
Project("{8BC9CEB8-8B4A-11D0-8D11-00A0C91BC942}") = "Exercise4-14", "Exercise4-14\Exercise4-14.vcxproj", "{3DDC6402-4106-451F-8B3E-3C00C569569D}"
EndProject
Project("{8BC9CEB8-8B4A-11D0-8D11-00A0C91BC942}") = "Exercise5", "Exercise5\Exercise5.vcxproj", "{D49D32F5-21C1-400C-8F28-F5E4EAB74D78}"
EndProject
Project("{8BC9CEB8-8B4A-11D0-8D11-00A0C91BC942}") = "Exercise5-3", "Exercise5-3\Exercise5-3.vcxproj", "{043A3B2B-9168-4663-AE9B-45D1AE1CFBA0}"
EndProject
Global
	GlobalSection(SolutionConfigurationPlatforms) = preSolution
		Debug|x64 = Debug|x64
		Debug|x86 = Debug|x86
		Release|x64 = Release|x64
		Release|x86 = Release|x86
	EndGlobalSection
	GlobalSection(ProjectConfigurationPlatforms) = postSolution
		{B86B2F14-4BB5-4A92-B7FD-4405DD8EE1E7}.Debug|x64.ActiveCfg = Debug|x64
		{B86B2F14-4BB5-4A92-B7FD-4405DD8EE1E7}.Debug|x64.Build.0 = Debug|x64
		{B86B2F14-4BB5-4A92-B7FD-4405DD8EE1E7}.Debug|x86.ActiveCfg = Debug|Win32
		{B86B2F14-4BB5-4A92-B7FD-4405DD8EE1E7}.Debug|x86.Build.0 = Debug|Win32
		{B86B2F14-4BB5-4A92-B7FD-4405DD8EE1E7}.Release|x64.ActiveCfg = Release|x64
		{B86B2F14-4BB5-4A92-B7FD-4405DD8EE1E7}.Release|x64.Build.0 = Release|x64
		{B86B2F14-4BB5-4A92-B7FD-4405DD8EE1E7}.Release|x86.ActiveCfg = Release|Win32
		{B86B2F14-4BB5-4A92-B7FD-4405DD8EE1E7}.Release|x86.Build.0 = Release|Win32
		{503810EE-7A08-476A-91AF-2700F9CBF450}.Debug|x64.ActiveCfg = Debug|x64
		{503810EE-7A08-476A-91AF-2700F9CBF450}.Debug|x64.Build.0 = Debug|x64
		{503810EE-7A08-476A-91AF-2700F9CBF450}.Debug|x86.ActiveCfg = Debug|Win32
		{503810EE-7A08-476A-91AF-2700F9CBF450}.Debug|x86.Build.0 = Debug|Win32
		{503810EE-7A08-476A-91AF-2700F9CBF450}.Release|x64.ActiveCfg = Release|x64
		{503810EE-7A08-476A-91AF-2700F9CBF450}.Release|x64.Build.0 = Release|x64
		{503810EE-7A08-476A-91AF-2700F9CBF450}.Release|x86.ActiveCfg = Release|Win32
		{503810EE-7A08-476A-91AF-2700F9CBF450}.Release|x86.Build.0 = Release|Win32
		{C372006A-7A50-4826-803F-C297D27D3EB1}.Debug|x64.ActiveCfg = Debug|x64
		{C372006A-7A50-4826-803F-C297D27D3EB1}.Debug|x64.Build.0 = Debug|x64
		{C372006A-7A50-4826-803F-C297D27D3EB1}.Debug|x86.ActiveCfg = Debug|Win32
		{C372006A-7A50-4826-803F-C297D27D3EB1}.Debug|x86.Build.0 = Debug|Win32
		{C372006A-7A50-4826-803F-C297D27D3EB1}.Release|x64.ActiveCfg = Release|x64
		{C372006A-7A50-4826-803F-C297D27D3EB1}.Release|x64.Build.0 = Release|x64
		{C372006A-7A50-4826-803F-C297D27D3EB1}.Release|x86.ActiveCfg = Release|Win32
		{C372006A-7A50-4826-803F-C297D27D3EB1}.Release|x86.Build.0 = Release|Win32
		{9475624B-6DE2-4FE9-81CF-F096B378773C}.Debug|x64.ActiveCfg = Debug|x64
		{9475624B-6DE2-4FE9-81CF-F096B378773C}.Debug|x64.Build.0 = Debug|x64
		{9475624B-6DE2-4FE9-81CF-F096B378773C}.Debug|x86.ActiveCfg = Debug|Win32
		{9475624B-6DE2-4FE9-81CF-F096B378773C}.Debug|x86.Build.0 = Debug|Win32
		{9475624B-6DE2-4FE9-81CF-F096B378773C}.Release|x64.ActiveCfg = Release|x64
		{9475624B-6DE2-4FE9-81CF-F096B378773C}.Release|x64.Build.0 = Release|x64
		{9475624B-6DE2-4FE9-81CF-F096B378773C}.Release|x86.ActiveCfg = Release|Win32
		{9475624B-6DE2-4FE9-81CF-F096B378773C}.Release|x86.Build.0 = Release|Win32
		{3DDC6402-4106-451F-8B3E-3C00C569569D}.Debug|x64.ActiveCfg = Debug|x64
		{3DDC6402-4106-451F-8B3E-3C00C569569D}.Debug|x64.Build.0 = Debug|x64
		{3DDC6402-4106-451F-8B3E-3C00C569569D}.Debug|x86.ActiveCfg = Debug|Win32
		{3DDC6402-4106-451F-8B3E-3C00C569569D}.Debug|x86.Build.0 = Debug|Win32
		{3DDC6402-4106-451F-8B3E-3C00C569569D}.Release|x64.ActiveCfg = Release|x64
		{3DDC6402-4106-451F-8B3E-3C00C569569D}.Release|x64.Build.0 = Release|x64
		{3DDC6402-4106-451F-8B3E-3C00C569569D}.Release|x86.ActiveCfg = Release|Win32
		{3DDC6402-4106-451F-8B3E-3C00C569569D}.Release|x86.Build.0 = Release|Win32
		{D49D32F5-21C1-400C-8F28-F5E4EAB74D78}.Debug|x64.ActiveCfg = Debug|x64
		{D49D32F5-21C1-400C-8F28-F5E4EAB74D78}.Debug|x64.Build.0 = Debug|x64
		{D49D32F5-21C1-400C-8F28-F5E4EAB74D78}.Debug|x86.ActiveCfg = Debug|Win32
		{D49D32F5-21C1-400C-8F28-F5E4EAB74D78}.Debug|x86.Build.0 = Debug|Win32
		{D49D32F5-21C1-400C-8F28-F5E4EAB74D78}.Release|x64.ActiveCfg = Release|x64
		{D49D32F5-21C1-400C-8F28-F5E4EAB74D78}.Release|x64.Build.0 = Release|x64
		{D49D32F5-21C1-400C-8F28-F5E4EAB74D78}.Release|x86.ActiveCfg = Release|Win32
		{D49D32F5-21C1-400C-8F28-F5E4EAB74D78}.Release|x86.Build.0 = Release|Win32
		{043A3B2B-9168-4663-AE9B-45D1AE1CFBA0}.Debug|x64.ActiveCfg = Debug|x64
		{043A3B2B-9168-4663-AE9B-45D1AE1CFBA0}.Debug|x64.Build.0 = Debug|x64
		{043A3B2B-9168-4663-AE9B-45D1AE1CFBA0}.Debug|x86.ActiveCfg = Debug|Win32
		{043A3B2B-9168-4663-AE9B-45D1AE1CFBA0}.Debug|x86.Build.0 = Debug|Win32
		{043A3B2B-9168-4663-AE9B-45D1AE1CFBA0}.Release|x64.ActiveCfg = Release|x64
		{043A3B2B-9168-4663-AE9B-45D1AE1CFBA0}.Release|x64.Build.0 = Release|x64
		{043A3B2B-9168-4663-AE9B-45D1AE1CFBA0}.Release|x86.ActiveCfg = Release|Win32
		{043A3B2B-9168-4663-AE9B-45D1AE1CFBA0}.Release|x86.Build.0 = Release|Win32
	EndGlobalSection
	GlobalSection(SolutionProperties) = preSolution
		HideSolutionNode = FALSE
	EndGlobalSection
	GlobalSection(ExtensibilityGlobals) = postSolution
		SolutionGuid = {7C5025DA-B66E-48CF-AD55-CC9E14A311CC}
	EndGlobalSection
EndGlobal
